
Microsoft Visual Studio Solution File, Format Version 12.00
# Visual Studio 15
VisualStudioVersion = 15.0.26124.0
MinimumVisualStudioVersion = 15.0.26124.0
Project("{2150E333-8FDC-42A3-9474-1A3956D46DE8}") = "src", "src", "{E28D0C8C-ABBD-4F1D-B359-E2710A4AA70E}"
EndProject
Project("{FAE04EC0-301F-11D3-BF4B-00C04F79EFBC}") = "knowledgeable", "src\knowledgeable\knowledgeable.csproj", "{CF5ADBF3-26F7-4E6B-B51B-176EA52CCDAB}"
EndProject
Project("{2150E333-8FDC-42A3-9474-1A3956D46DE8}") = "test", "test", "{49784BED-0F66-44AB-A093-61C40B2909E7}"
EndProject
Project("{FAE04EC0-301F-11D3-BF4B-00C04F79EFBC}") = "UnitTests", "test\UnitTests\UnitTests.csproj", "{387DA672-FF24-41AA-BE9F-7C26C800395E}"
EndProject
Global
	GlobalSection(SolutionConfigurationPlatforms) = preSolution
		Debug|Any CPU = Debug|Any CPU
		Debug|x64 = Debug|x64
		Debug|x86 = Debug|x86
		Release|Any CPU = Release|Any CPU
		Release|x64 = Release|x64
		Release|x86 = Release|x86
	EndGlobalSection
	GlobalSection(SolutionProperties) = preSolution
		HideSolutionNode = FALSE
	EndGlobalSection
	GlobalSection(ProjectConfigurationPlatforms) = postSolution
		{CF5ADBF3-26F7-4E6B-B51B-176EA52CCDAB}.Debug|Any CPU.ActiveCfg = Debug|Any CPU
		{CF5ADBF3-26F7-4E6B-B51B-176EA52CCDAB}.Debug|Any CPU.Build.0 = Debug|Any CPU
		{CF5ADBF3-26F7-4E6B-B51B-176EA52CCDAB}.Debug|x64.ActiveCfg = Debug|Any CPU
		{CF5ADBF3-26F7-4E6B-B51B-176EA52CCDAB}.Debug|x64.Build.0 = Debug|Any CPU
		{CF5ADBF3-26F7-4E6B-B51B-176EA52CCDAB}.Debug|x86.ActiveCfg = Debug|Any CPU
		{CF5ADBF3-26F7-4E6B-B51B-176EA52CCDAB}.Debug|x86.Build.0 = Debug|Any CPU
		{CF5ADBF3-26F7-4E6B-B51B-176EA52CCDAB}.Release|Any CPU.ActiveCfg = Release|Any CPU
		{CF5ADBF3-26F7-4E6B-B51B-176EA52CCDAB}.Release|Any CPU.Build.0 = Release|Any CPU
		{CF5ADBF3-26F7-4E6B-B51B-176EA52CCDAB}.Release|x64.ActiveCfg = Release|Any CPU
		{CF5ADBF3-26F7-4E6B-B51B-176EA52CCDAB}.Release|x64.Build.0 = Release|Any CPU
		{CF5ADBF3-26F7-4E6B-B51B-176EA52CCDAB}.Release|x86.ActiveCfg = Release|Any CPU
		{CF5ADBF3-26F7-4E6B-B51B-176EA52CCDAB}.Release|x86.Build.0 = Release|Any CPU
		{387DA672-FF24-41AA-BE9F-7C26C800395E}.Debug|Any CPU.ActiveCfg = Debug|Any CPU
		{387DA672-FF24-41AA-BE9F-7C26C800395E}.Debug|Any CPU.Build.0 = Debug|Any CPU
		{387DA672-FF24-41AA-BE9F-7C26C800395E}.Debug|x64.ActiveCfg = Debug|Any CPU
		{387DA672-FF24-41AA-BE9F-7C26C800395E}.Debug|x64.Build.0 = Debug|Any CPU
		{387DA672-FF24-41AA-BE9F-7C26C800395E}.Debug|x86.ActiveCfg = Debug|Any CPU
		{387DA672-FF24-41AA-BE9F-7C26C800395E}.Debug|x86.Build.0 = Debug|Any CPU
		{387DA672-FF24-41AA-BE9F-7C26C800395E}.Release|Any CPU.ActiveCfg = Release|Any CPU
		{387DA672-FF24-41AA-BE9F-7C26C800395E}.Release|Any CPU.Build.0 = Release|Any CPU
		{387DA672-FF24-41AA-BE9F-7C26C800395E}.Release|x64.ActiveCfg = Release|Any CPU
		{387DA672-FF24-41AA-BE9F-7C26C800395E}.Release|x64.Build.0 = Release|Any CPU
		{387DA672-FF24-41AA-BE9F-7C26C800395E}.Release|x86.ActiveCfg = Release|Any CPU
		{387DA672-FF24-41AA-BE9F-7C26C800395E}.Release|x86.Build.0 = Release|Any CPU
	EndGlobalSection
	GlobalSection(NestedProjects) = preSolution
		{CF5ADBF3-26F7-4E6B-B51B-176EA52CCDAB} = {E28D0C8C-ABBD-4F1D-B359-E2710A4AA70E}
		{387DA672-FF24-41AA-BE9F-7C26C800395E} = {49784BED-0F66-44AB-A093-61C40B2909E7}
	EndGlobalSection
EndGlobal
